// !$*UTF8*$!
{
	archiveVersion = 1;
	classes = {
	};
	objectVersion = 56;
	objects = {

/* Begin PBXBuildFile section */
		924C0A082930614C0009F22B /* LoadVideosFromRemoteUseCase.swift in Sources */ = {isa = PBXBuildFile; fileRef = 924C0A072930614C0009F22B /* LoadVideosFromRemoteUseCase.swift */; };
		924C0A0B2930617D0009F22B /* RootResponse.swift in Sources */ = {isa = PBXBuildFile; fileRef = 924C0A0A2930617D0009F22B /* RootResponse.swift */; };
		924C0A0D293061A40009F22B /* HTTPClient.swift in Sources */ = {isa = PBXBuildFile; fileRef = 924C0A0C293061A40009F22B /* HTTPClient.swift */; };
		924C0A10293061CB0009F22B /* XCTestCase+MemoryLeakTracking.swift in Sources */ = {isa = PBXBuildFile; fileRef = 924C0A0F293061CB0009F22B /* XCTestCase+MemoryLeakTracking.swift */; };
		924C0A15293062420009F22B /* ContentsViewModelTests.swift in Sources */ = {isa = PBXBuildFile; fileRef = 924C0A14293062420009F22B /* ContentsViewModelTests.swift */; };
		924C0A1829306D4E0009F22B /* ContentsViewModel.swift in Sources */ = {isa = PBXBuildFile; fileRef = 924C0A1729306D4E0009F22B /* ContentsViewModel.swift */; };
		924C0A1C29309AFB0009F22B /* ViewControllerUIIntegrationTests.swift in Sources */ = {isa = PBXBuildFile; fileRef = 924C0A1B29309AFB0009F22B /* ViewControllerUIIntegrationTests.swift */; };
		924C0A1E29309BAC0009F22B /* LoadVideosFromRemoteUseCaseStub.swift in Sources */ = {isa = PBXBuildFile; fileRef = 924C0A1D29309BAC0009F22B /* LoadVideosFromRemoteUseCaseStub.swift */; };
		924C0A222930A1680009F22B /* SectionCell.swift in Sources */ = {isa = PBXBuildFile; fileRef = 924C0A202930A1680009F22B /* SectionCell.swift */; };
		924C0A232930A1680009F22B /* SectionCell.xib in Resources */ = {isa = PBXBuildFile; fileRef = 924C0A212930A1680009F22B /* SectionCell.xib */; };
		924C0A262930A7730009F22B /* ItemCell.swift in Sources */ = {isa = PBXBuildFile; fileRef = 924C0A242930A7730009F22B /* ItemCell.swift */; };
		924C0A272930A7730009F22B /* ItemCell.xib in Resources */ = {isa = PBXBuildFile; fileRef = 924C0A252930A7730009F22B /* ItemCell.xib */; };
		924C0A2A2930ABEE0009F22B /* SectionHeaderView.swift in Sources */ = {isa = PBXBuildFile; fileRef = 924C0A282930ABEE0009F22B /* SectionHeaderView.swift */; };
		924C0A2D2930D6DB0009F22B /* ContentsUIComposer.swift in Sources */ = {isa = PBXBuildFile; fileRef = 924C0A2C2930D6DB0009F22B /* ContentsUIComposer.swift */; };
		92BD7F7229305445003BF696 /* AppDelegate.swift in Sources */ = {isa = PBXBuildFile; fileRef = 92BD7F7129305445003BF696 /* AppDelegate.swift */; };
		92BD7F7429305445003BF696 /* SceneDelegate.swift in Sources */ = {isa = PBXBuildFile; fileRef = 92BD7F7329305445003BF696 /* SceneDelegate.swift */; };
		92BD7F7629305445003BF696 /* ViewController.swift in Sources */ = {isa = PBXBuildFile; fileRef = 92BD7F7529305445003BF696 /* ViewController.swift */; };
		92BD7F7929305445003BF696 /* Main.storyboard in Resources */ = {isa = PBXBuildFile; fileRef = 92BD7F7729305445003BF696 /* Main.storyboard */; };
		92BD7F7B29305447003BF696 /* Assets.xcassets in Resources */ = {isa = PBXBuildFile; fileRef = 92BD7F7A29305447003BF696 /* Assets.xcassets */; };
		92BD7F7E29305447003BF696 /* LaunchScreen.storyboard in Resources */ = {isa = PBXBuildFile; fileRef = 92BD7F7C29305447003BF696 /* LaunchScreen.storyboard */; };
		92BD7F9329305447003BF696 /* Vidio2UITests.swift in Sources */ = {isa = PBXBuildFile; fileRef = 92BD7F9229305447003BF696 /* Vidio2UITests.swift */; };
		92BD7F9529305447003BF696 /* Vidio2UITestsLaunchTests.swift in Sources */ = {isa = PBXBuildFile; fileRef = 92BD7F9429305447003BF696 /* Vidio2UITestsLaunchTests.swift */; };
		92BD7FA32930554D003BF696 /* LoadVideosFromRemoteUseCaseTests.swift in Sources */ = {isa = PBXBuildFile; fileRef = 92BD7FA22930554D003BF696 /* LoadVideosFromRemoteUseCaseTests.swift */; };
/* End PBXBuildFile section */

/* Begin PBXContainerItemProxy section */
		92BD7F8529305447003BF696 /* PBXContainerItemProxy */ = {
			isa = PBXContainerItemProxy;
			containerPortal = 92BD7F6629305445003BF696 /* Project object */;
			proxyType = 1;
			remoteGlobalIDString = 92BD7F6D29305445003BF696;
			remoteInfo = Vidio2;
		};
		92BD7F8F29305447003BF696 /* PBXContainerItemProxy */ = {
			isa = PBXContainerItemProxy;
			containerPortal = 92BD7F6629305445003BF696 /* Project object */;
			proxyType = 1;
			remoteGlobalIDString = 92BD7F6D29305445003BF696;
			remoteInfo = Vidio2;
		};
/* End PBXContainerItemProxy section */

/* Begin PBXFileReference section */
		924C0A072930614C0009F22B /* LoadVideosFromRemoteUseCase.swift */ = {isa = PBXFileReference; lastKnownFileType = sourcecode.swift; path = LoadVideosFromRemoteUseCase.swift; sourceTree = "<group>"; };
		924C0A0A2930617D0009F22B /* RootResponse.swift */ = {isa = PBXFileReference; lastKnownFileType = sourcecode.swift; path = RootResponse.swift; sourceTree = "<group>"; };
		924C0A0C293061A40009F22B /* HTTPClient.swift */ = {isa = PBXFileReference; lastKnownFileType = sourcecode.swift; path = HTTPClient.swift; sourceTree = "<group>"; };
		924C0A0F293061CB0009F22B /* XCTestCase+MemoryLeakTracking.swift */ = {isa = PBXFileReference; lastKnownFileType = sourcecode.swift; path = "XCTestCase+MemoryLeakTracking.swift"; sourceTree = "<group>"; };
		924C0A14293062420009F22B /* ContentsViewModelTests.swift */ = {isa = PBXFileReference; lastKnownFileType = sourcecode.swift; path = ContentsViewModelTests.swift; sourceTree = "<group>"; };
		924C0A1729306D4E0009F22B /* ContentsViewModel.swift */ = {isa = PBXFileReference; lastKnownFileType = sourcecode.swift; path = ContentsViewModel.swift; sourceTree = "<group>"; };
		924C0A1B29309AFB0009F22B /* ViewControllerUIIntegrationTests.swift */ = {isa = PBXFileReference; lastKnownFileType = sourcecode.swift; path = ViewControllerUIIntegrationTests.swift; sourceTree = "<group>"; };
		924C0A1D29309BAC0009F22B /* LoadVideosFromRemoteUseCaseStub.swift */ = {isa = PBXFileReference; lastKnownFileType = sourcecode.swift; path = LoadVideosFromRemoteUseCaseStub.swift; sourceTree = "<group>"; };
		924C0A202930A1680009F22B /* SectionCell.swift */ = {isa = PBXFileReference; lastKnownFileType = sourcecode.swift; path = SectionCell.swift; sourceTree = "<group>"; };
		924C0A212930A1680009F22B /* SectionCell.xib */ = {isa = PBXFileReference; lastKnownFileType = file.xib; path = SectionCell.xib; sourceTree = "<group>"; };
		924C0A242930A7730009F22B /* ItemCell.swift */ = {isa = PBXFileReference; lastKnownFileType = sourcecode.swift; path = ItemCell.swift; sourceTree = "<group>"; };
		924C0A252930A7730009F22B /* ItemCell.xib */ = {isa = PBXFileReference; lastKnownFileType = file.xib; path = ItemCell.xib; sourceTree = "<group>"; };
		924C0A282930ABEE0009F22B /* SectionHeaderView.swift */ = {isa = PBXFileReference; lastKnownFileType = sourcecode.swift; path = SectionHeaderView.swift; sourceTree = "<group>"; };
		924C0A2C2930D6DB0009F22B /* ContentsUIComposer.swift */ = {isa = PBXFileReference; lastKnownFileType = sourcecode.swift; path = ContentsUIComposer.swift; sourceTree = "<group>"; };
		92BD7F6E29305445003BF696 /* Vidio2.app */ = {isa = PBXFileReference; explicitFileType = wrapper.application; includeInIndex = 0; path = Vidio2.app; sourceTree = BUILT_PRODUCTS_DIR; };
		92BD7F7129305445003BF696 /* AppDelegate.swift */ = {isa = PBXFileReference; lastKnownFileType = sourcecode.swift; path = AppDelegate.swift; sourceTree = "<group>"; };
		92BD7F7329305445003BF696 /* SceneDelegate.swift */ = {isa = PBXFileReference; lastKnownFileType = sourcecode.swift; path = SceneDelegate.swift; sourceTree = "<group>"; };
		92BD7F7529305445003BF696 /* ViewController.swift */ = {isa = PBXFileReference; lastKnownFileType = sourcecode.swift; path = ViewController.swift; sourceTree = "<group>"; };
		92BD7F7829305445003BF696 /* Base */ = {isa = PBXFileReference; lastKnownFileType = file.storyboard; name = Base; path = Base.lproj/Main.storyboard; sourceTree = "<group>"; };
		92BD7F7A29305447003BF696 /* Assets.xcassets */ = {isa = PBXFileReference; lastKnownFileType = folder.assetcatalog; path = Assets.xcassets; sourceTree = "<group>"; };
		92BD7F7D29305447003BF696 /* Base */ = {isa = PBXFileReference; lastKnownFileType = file.storyboard; name = Base; path = Base.lproj/LaunchScreen.storyboard; sourceTree = "<group>"; };
		92BD7F7F29305447003BF696 /* Info.plist */ = {isa = PBXFileReference; lastKnownFileType = text.plist.xml; path = Info.plist; sourceTree = "<group>"; };
		92BD7F8429305447003BF696 /* Vidio2Tests.xctest */ = {isa = PBXFileReference; explicitFileType = wrapper.cfbundle; includeInIndex = 0; path = Vidio2Tests.xctest; sourceTree = BUILT_PRODUCTS_DIR; };
		92BD7F8E29305447003BF696 /* Vidio2UITests.xctest */ = {isa = PBXFileReference; explicitFileType = wrapper.cfbundle; includeInIndex = 0; path = Vidio2UITests.xctest; sourceTree = BUILT_PRODUCTS_DIR; };
		92BD7F9229305447003BF696 /* Vidio2UITests.swift */ = {isa = PBXFileReference; lastKnownFileType = sourcecode.swift; path = Vidio2UITests.swift; sourceTree = "<group>"; };
		92BD7F9429305447003BF696 /* Vidio2UITestsLaunchTests.swift */ = {isa = PBXFileReference; lastKnownFileType = sourcecode.swift; path = Vidio2UITestsLaunchTests.swift; sourceTree = "<group>"; };
		92BD7FA12930554C003BF696 /* Vidio2Tests-Bridging-Header.h */ = {isa = PBXFileReference; lastKnownFileType = sourcecode.c.h; path = "Vidio2Tests-Bridging-Header.h"; sourceTree = "<group>"; };
		92BD7FA22930554D003BF696 /* LoadVideosFromRemoteUseCaseTests.swift */ = {isa = PBXFileReference; lastKnownFileType = sourcecode.swift; path = LoadVideosFromRemoteUseCaseTests.swift; sourceTree = "<group>"; };
/* End PBXFileReference section */

/* Begin PBXFrameworksBuildPhase section */
		92BD7F6B29305445003BF696 /* Frameworks */ = {
			isa = PBXFrameworksBuildPhase;
			buildActionMask = 2147483647;
			files = (
			);
			runOnlyForDeploymentPostprocessing = 0;
		};
		92BD7F8129305447003BF696 /* Frameworks */ = {
			isa = PBXFrameworksBuildPhase;
			buildActionMask = 2147483647;
			files = (
			);
			runOnlyForDeploymentPostprocessing = 0;
		};
		92BD7F8B29305447003BF696 /* Frameworks */ = {
			isa = PBXFrameworksBuildPhase;
			buildActionMask = 2147483647;
			files = (
			);
			runOnlyForDeploymentPostprocessing = 0;
		};
/* End PBXFrameworksBuildPhase section */

/* Begin PBXGroup section */
		924C0A09293061650009F22B /* API */ = {
			isa = PBXGroup;
			children = (
				924C0A072930614C0009F22B /* LoadVideosFromRemoteUseCase.swift */,
				924C0A0A2930617D0009F22B /* RootResponse.swift */,
				924C0A0C293061A40009F22B /* HTTPClient.swift */,
			);
			path = API;
			sourceTree = "<group>";
		};
		924C0A0E293061C00009F22B /* Helpers */ = {
			isa = PBXGroup;
			children = (
				924C0A0F293061CB0009F22B /* XCTestCase+MemoryLeakTracking.swift */,
				924C0A1D29309BAC0009F22B /* LoadVideosFromRemoteUseCaseStub.swift */,
			);
			path = Helpers;
			sourceTree = "<group>";
		};
		924C0A11293061FA0009F22B /* API */ = {
			isa = PBXGroup;
			children = (
				92BD7FA22930554D003BF696 /* LoadVideosFromRemoteUseCaseTests.swift */,
			);
			path = API;
			sourceTree = "<group>";
		};
		924C0A132930622C0009F22B /* Presentation */ = {
			isa = PBXGroup;
			children = (
				924C0A14293062420009F22B /* ContentsViewModelTests.swift */,
			);
			path = Presentation;
			sourceTree = "<group>";
		};
		924C0A1629306D3C0009F22B /* Presentation */ = {
			isa = PBXGroup;
			children = (
				924C0A1729306D4E0009F22B /* ContentsViewModel.swift */,
			);
			path = Presentation;
			sourceTree = "<group>";
		};
		924C0A1A29309ADF0009F22B /* UI */ = {
			isa = PBXGroup;
			children = (
				924C0A1B29309AFB0009F22B /* ViewControllerUIIntegrationTests.swift */,
			);
			path = UI;
			sourceTree = "<group>";
		};
		924C0A1F2930A10F0009F22B /* UI */ = {
			isa = PBXGroup;
			children = (
				92BD7F7529305445003BF696 /* ViewController.swift */,
				924C0A202930A1680009F22B /* SectionCell.swift */,
				924C0A212930A1680009F22B /* SectionCell.xib */,
				924C0A242930A7730009F22B /* ItemCell.swift */,
				924C0A252930A7730009F22B /* ItemCell.xib */,
				924C0A282930ABEE0009F22B /* SectionHeaderView.swift */,
			);
			path = UI;
			sourceTree = "<group>";
		};
		92BD7F6529305445003BF696 = {
			isa = PBXGroup;
			children = (
				92BD7F7029305445003BF696 /* Vidio2 */,
				92BD7F8729305447003BF696 /* Vidio2Tests */,
				92BD7F9129305447003BF696 /* Vidio2UITests */,
				92BD7F6F29305445003BF696 /* Products */,
			);
			sourceTree = "<group>";
		};
		92BD7F6F29305445003BF696 /* Products */ = {
			isa = PBXGroup;
			children = (
				92BD7F6E29305445003BF696 /* Vidio2.app */,
				92BD7F8429305447003BF696 /* Vidio2Tests.xctest */,
				92BD7F8E29305447003BF696 /* Vidio2UITests.xctest */,
			);
			name = Products;
			sourceTree = "<group>";
		};
		92BD7F7029305445003BF696 /* Vidio2 */ = {
			isa = PBXGroup;
			children = (
				924C0A09293061650009F22B /* API */,
				924C0A1629306D3C0009F22B /* Presentation */,
				924C0A1F2930A10F0009F22B /* UI */,
				92BD7F7129305445003BF696 /* AppDelegate.swift */,
				924C0A2C2930D6DB0009F22B /* ContentsUIComposer.swift */,
				92BD7F7329305445003BF696 /* SceneDelegate.swift */,
				92BD7F7729305445003BF696 /* Main.storyboard */,
				92BD7F7A29305447003BF696 /* Assets.xcassets */,
				92BD7F7C29305447003BF696 /* LaunchScreen.storyboard */,
				92BD7F7F29305447003BF696 /* Info.plist */,
			);
			path = Vidio2;
			sourceTree = "<group>";
		};
		92BD7F8729305447003BF696 /* Vidio2Tests */ = {
			isa = PBXGroup;
			children = (
				924C0A0E293061C00009F22B /* Helpers */,
				924C0A11293061FA0009F22B /* API */,
				924C0A132930622C0009F22B /* Presentation */,
				924C0A1A29309ADF0009F22B /* UI */,
				92BD7FA12930554C003BF696 /* Vidio2Tests-Bridging-Header.h */,
			);
			path = Vidio2Tests;
			sourceTree = "<group>";
		};
		92BD7F9129305447003BF696 /* Vidio2UITests */ = {
			isa = PBXGroup;
			children = (
				92BD7F9229305447003BF696 /* Vidio2UITests.swift */,
				92BD7F9429305447003BF696 /* Vidio2UITestsLaunchTests.swift */,
			);
			path = Vidio2UITests;
			sourceTree = "<group>";
		};
/* End PBXGroup section */

/* Begin PBXNativeTarget section */
		92BD7F6D29305445003BF696 /* Vidio2 */ = {
			isa = PBXNativeTarget;
			buildConfigurationList = 92BD7F9829305447003BF696 /* Build configuration list for PBXNativeTarget "Vidio2" */;
			buildPhases = (
				92BD7F6A29305445003BF696 /* Sources */,
				92BD7F6B29305445003BF696 /* Frameworks */,
				92BD7F6C29305445003BF696 /* Resources */,
			);
			buildRules = (
			);
			dependencies = (
			);
			name = Vidio2;
			productName = Vidio2;
			productReference = 92BD7F6E29305445003BF696 /* Vidio2.app */;
			productType = "com.apple.product-type.application";
		};
		92BD7F8329305447003BF696 /* Vidio2Tests */ = {
			isa = PBXNativeTarget;
			buildConfigurationList = 92BD7F9B29305447003BF696 /* Build configuration list for PBXNativeTarget "Vidio2Tests" */;
			buildPhases = (
				92BD7F8029305447003BF696 /* Sources */,
				92BD7F8129305447003BF696 /* Frameworks */,
				92BD7F8229305447003BF696 /* Resources */,
			);
			buildRules = (
			);
			dependencies = (
				92BD7F8629305447003BF696 /* PBXTargetDependency */,
			);
			name = Vidio2Tests;
			productName = Vidio2Tests;
			productReference = 92BD7F8429305447003BF696 /* Vidio2Tests.xctest */;
			productType = "com.apple.product-type.bundle.unit-test";
		};
		92BD7F8D29305447003BF696 /* Vidio2UITests */ = {
			isa = PBXNativeTarget;
			buildConfigurationList = 92BD7F9E29305447003BF696 /* Build configuration list for PBXNativeTarget "Vidio2UITests" */;
			buildPhases = (
				92BD7F8A29305447003BF696 /* Sources */,
				92BD7F8B29305447003BF696 /* Frameworks */,
				92BD7F8C29305447003BF696 /* Resources */,
			);
			buildRules = (
			);
			dependencies = (
				92BD7F9029305447003BF696 /* PBXTargetDependency */,
			);
			name = Vidio2UITests;
			productName = Vidio2UITests;
			productReference = 92BD7F8E29305447003BF696 /* Vidio2UITests.xctest */;
			productType = "com.apple.product-type.bundle.ui-testing";
		};
/* End PBXNativeTarget section */

/* Begin PBXProject section */
		92BD7F6629305445003BF696 /* Project object */ = {
			isa = PBXProject;
			attributes = {
				BuildIndependentTargetsInParallel = 1;
				LastSwiftUpdateCheck = 1410;
				LastUpgradeCheck = 1410;
				TargetAttributes = {
					92BD7F6D29305445003BF696 = {
						CreatedOnToolsVersion = 14.1;
					};
					92BD7F8329305447003BF696 = {
						CreatedOnToolsVersion = 14.1;
						LastSwiftMigration = 1410;
						TestTargetID = 92BD7F6D29305445003BF696;
					};
					92BD7F8D29305447003BF696 = {
						CreatedOnToolsVersion = 14.1;
						TestTargetID = 92BD7F6D29305445003BF696;
					};
				};
			};
			buildConfigurationList = 92BD7F6929305445003BF696 /* Build configuration list for PBXProject "Vidio2" */;
			compatibilityVersion = "Xcode 14.0";
			developmentRegion = en;
			hasScannedForEncodings = 0;
			knownRegions = (
				en,
				Base,
			);
			mainGroup = 92BD7F6529305445003BF696;
			productRefGroup = 92BD7F6F29305445003BF696 /* Products */;
			projectDirPath = "";
			projectRoot = "";
			targets = (
				92BD7F6D29305445003BF696 /* Vidio2 */,
				92BD7F8329305447003BF696 /* Vidio2Tests */,
				92BD7F8D29305447003BF696 /* Vidio2UITests */,
			);
		};
/* End PBXProject section */

/* Begin PBXResourcesBuildPhase section */
		92BD7F6C29305445003BF696 /* Resources */ = {
			isa = PBXResourcesBuildPhase;
			buildActionMask = 2147483647;
			files = (
				924C0A232930A1680009F22B /* SectionCell.xib in Resources */,
				92BD7F7E29305447003BF696 /* LaunchScreen.storyboard in Resources */,
				924C0A272930A7730009F22B /* ItemCell.xib in Resources */,
				92BD7F7B29305447003BF696 /* Assets.xcassets in Resources */,
				92BD7F7929305445003BF696 /* Main.storyboard in Resources */,
			);
			runOnlyForDeploymentPostprocessing = 0;
		};
		92BD7F8229305447003BF696 /* Resources */ = {
			isa = PBXResourcesBuildPhase;
			buildActionMask = 2147483647;
			files = (
			);
			runOnlyForDeploymentPostprocessing = 0;
		};
		92BD7F8C29305447003BF696 /* Resources */ = {
			isa = PBXResourcesBuildPhase;
			buildActionMask = 2147483647;
			files = (
			);
			runOnlyForDeploymentPostprocessing = 0;
		};
/* End PBXResourcesBuildPhase section */

/* Begin PBXSourcesBuildPhase section */
		92BD7F6A29305445003BF696 /* Sources */ = {
			isa = PBXSourcesBuildPhase;
			buildActionMask = 2147483647;
			files = (
				924C0A222930A1680009F22B /* SectionCell.swift in Sources */,
				92BD7F7629305445003BF696 /* ViewController.swift in Sources */,
				924C0A2D2930D6DB0009F22B /* ContentsUIComposer.swift in Sources */,
				924C0A262930A7730009F22B /* ItemCell.swift in Sources */,
				924C0A082930614C0009F22B /* LoadVideosFromRemoteUseCase.swift in Sources */,
				924C0A0D293061A40009F22B /* HTTPClient.swift in Sources */,
				924C0A0B2930617D0009F22B /* RootResponse.swift in Sources */,
				924C0A1829306D4E0009F22B /* ContentsViewModel.swift in Sources */,
				924C0A2A2930ABEE0009F22B /* SectionHeaderView.swift in Sources */,
				92BD7F7229305445003BF696 /* AppDelegate.swift in Sources */,
				92BD7F7429305445003BF696 /* SceneDelegate.swift in Sources */,
			);
			runOnlyForDeploymentPostprocessing = 0;
		};
		92BD7F8029305447003BF696 /* Sources */ = {
			isa = PBXSourcesBuildPhase;
			buildActionMask = 2147483647;
			files = (
				924C0A1E29309BAC0009F22B /* LoadVideosFromRemoteUseCaseStub.swift in Sources */,
				924C0A15293062420009F22B /* ContentsViewModelTests.swift in Sources */,
				92BD7FA32930554D003BF696 /* LoadVideosFromRemoteUseCaseTests.swift in Sources */,
				924C0A1C29309AFB0009F22B /* ViewControllerUIIntegrationTests.swift in Sources */,
				924C0A10293061CB0009F22B /* XCTestCase+MemoryLeakTracking.swift in Sources */,
			);
			runOnlyForDeploymentPostprocessing = 0;
		};
		92BD7F8A29305447003BF696 /* Sources */ = {
			isa = PBXSourcesBuildPhase;
			buildActionMask = 2147483647;
			files = (
				92BD7F9329305447003BF696 /* Vidio2UITests.swift in Sources */,
				92BD7F9529305447003BF696 /* Vidio2UITestsLaunchTests.swift in Sources */,
			);
			runOnlyForDeploymentPostprocessing = 0;
		};
/* End PBXSourcesBuildPhase section */

/* Begin PBXTargetDependency section */
		92BD7F8629305447003BF696 /* PBXTargetDependency */ = {
			isa = PBXTargetDependency;
			target = 92BD7F6D29305445003BF696 /* Vidio2 */;
			targetProxy = 92BD7F8529305447003BF696 /* PBXContainerItemProxy */;
		};
		92BD7F9029305447003BF696 /* PBXTargetDependency */ = {
			isa = PBXTargetDependency;
			target = 92BD7F6D29305445003BF696 /* Vidio2 */;
			targetProxy = 92BD7F8F29305447003BF696 /* PBXContainerItemProxy */;
		};
/* End PBXTargetDependency section */

/* Begin PBXVariantGroup section */
		92BD7F7729305445003BF696 /* Main.storyboard */ = {
			isa = PBXVariantGroup;
			children = (
				92BD7F7829305445003BF696 /* Base */,
			);
			name = Main.storyboard;
			sourceTree = "<group>";
		};
		92BD7F7C29305447003BF696 /* LaunchScreen.storyboard */ = {
			isa = PBXVariantGroup;
			children = (
				92BD7F7D29305447003BF696 /* Base */,
			);
			name = LaunchScreen.storyboard;
			sourceTree = "<group>";
		};
/* End PBXVariantGroup section */

/* Begin XCBuildConfiguration section */
		92BD7F9629305447003BF696 /* Debug */ = {
			isa = XCBuildConfiguration;
			buildSettings = {
				ALWAYS_SEARCH_USER_PATHS = NO;
				CLANG_ANALYZER_NONNULL = YES;
				CLANG_ANALYZER_NUMBER_OBJECT_CONVERSION = YES_AGGRESSIVE;
				CLANG_CXX_LANGUAGE_STANDARD = "gnu++20";
				CLANG_ENABLE_MODULES = YES;
				CLANG_ENABLE_OBJC_ARC = YES;
				CLANG_ENABLE_OBJC_WEAK = YES;
				CLANG_WARN_BLOCK_CAPTURE_AUTORELEASING = YES;
				CLANG_WARN_BOOL_CONVERSION = YES;
				CLANG_WARN_COMMA = YES;
				CLANG_WARN_CONSTANT_CONVERSION = YES;
				CLANG_WARN_DEPRECATED_OBJC_IMPLEMENTATIONS = YES;
				CLANG_WARN_DIRECT_OBJC_ISA_USAGE = YES_ERROR;
				CLANG_WARN_DOCUMENTATION_COMMENTS = YES;
				CLANG_WARN_EMPTY_BODY = YES;
				CLANG_WARN_ENUM_CONVERSION = YES;
				CLANG_WARN_INFINITE_RECURSION = YES;
				CLANG_WARN_INT_CONVERSION = YES;
				CLANG_WARN_NON_LITERAL_NULL_CONVERSION = YES;
				CLANG_WARN_OBJC_IMPLICIT_RETAIN_SELF = YES;
				CLANG_WARN_OBJC_LITERAL_CONVERSION = YES;
				CLANG_WARN_OBJC_ROOT_CLASS = YES_ERROR;
				CLANG_WARN_QUOTED_INCLUDE_IN_FRAMEWORK_HEADER = YES;
				CLANG_WARN_RANGE_LOOP_ANALYSIS = YES;
				CLANG_WARN_STRICT_PROTOTYPES = YES;
				CLANG_WARN_SUSPICIOUS_MOVE = YES;
				CLANG_WARN_UNGUARDED_AVAILABILITY = YES_AGGRESSIVE;
				CLANG_WARN_UNREACHABLE_CODE = YES;
				CLANG_WARN__DUPLICATE_METHOD_MATCH = YES;
				COPY_PHASE_STRIP = NO;
				DEBUG_INFORMATION_FORMAT = dwarf;
				ENABLE_STRICT_OBJC_MSGSEND = YES;
				ENABLE_TESTABILITY = YES;
				GCC_C_LANGUAGE_STANDARD = gnu11;
				GCC_DYNAMIC_NO_PIC = NO;
				GCC_NO_COMMON_BLOCKS = YES;
				GCC_OPTIMIZATION_LEVEL = 0;
				GCC_PREPROCESSOR_DEFINITIONS = (
					"DEBUG=1",
					"$(inherited)",
				);
				GCC_WARN_64_TO_32_BIT_CONVERSION = YES;
				GCC_WARN_ABOUT_RETURN_TYPE = YES_ERROR;
				GCC_WARN_UNDECLARED_SELECTOR = YES;
				GCC_WARN_UNINITIALIZED_AUTOS = YES_AGGRESSIVE;
				GCC_WARN_UNUSED_FUNCTION = YES;
				GCC_WARN_UNUSED_VARIABLE = YES;
				IPHONEOS_DEPLOYMENT_TARGET = 16.1;
				MTL_ENABLE_DEBUG_INFO = INCLUDE_SOURCE;
				MTL_FAST_MATH = YES;
				ONLY_ACTIVE_ARCH = YES;
				SDKROOT = iphoneos;
				SWIFT_ACTIVE_COMPILATION_CONDITIONS = DEBUG;
				SWIFT_OPTIMIZATION_LEVEL = "-Onone";
			};
			name = Debug;
		};
		92BD7F9729305447003BF696 /* Release */ = {
			isa = XCBuildConfiguration;
			buildSettings = {
				ALWAYS_SEARCH_USER_PATHS = NO;
				CLANG_ANALYZER_NONNULL = YES;
				CLANG_ANALYZER_NUMBER_OBJECT_CONVERSION = YES_AGGRESSIVE;
				CLANG_CXX_LANGUAGE_STANDARD = "gnu++20";
				CLANG_ENABLE_MODULES = YES;
				CLANG_ENABLE_OBJC_ARC = YES;
				CLANG_ENABLE_OBJC_WEAK = YES;
				CLANG_WARN_BLOCK_CAPTURE_AUTORELEASING = YES;
				CLANG_WARN_BOOL_CONVERSION = YES;
				CLANG_WARN_COMMA = YES;
				CLANG_WARN_CONSTANT_CONVERSION = YES;
				CLANG_WARN_DEPRECATED_OBJC_IMPLEMENTATIONS = YES;
				CLANG_WARN_DIRECT_OBJC_ISA_USAGE = YES_ERROR;
				CLANG_WARN_DOCUMENTATION_COMMENTS = YES;
				CLANG_WARN_EMPTY_BODY = YES;
				CLANG_WARN_ENUM_CONVERSION = YES;
				CLANG_WARN_INFINITE_RECURSION = YES;
				CLANG_WARN_INT_CONVERSION = YES;
				CLANG_WARN_NON_LITERAL_NULL_CONVERSION = YES;
				CLANG_WARN_OBJC_IMPLICIT_RETAIN_SELF = YES;
				CLANG_WARN_OBJC_LITERAL_CONVERSION = YES;
				CLANG_WARN_OBJC_ROOT_CLASS = YES_ERROR;
				CLANG_WARN_QUOTED_INCLUDE_IN_FRAMEWORK_HEADER = YES;
				CLANG_WARN_RANGE_LOOP_ANALYSIS = YES;
				CLANG_WARN_STRICT_PROTOTYPES = YES;
				CLANG_WARN_SUSPICIOUS_MOVE = YES;
				CLANG_WARN_UNGUARDED_AVAILABILITY = YES_AGGRESSIVE;
				CLANG_WARN_UNREACHABLE_CODE = YES;
				CLANG_WARN__DUPLICATE_METHOD_MATCH = YES;
				COPY_PHASE_STRIP = NO;
				DEBUG_INFORMATION_FORMAT = "dwarf-with-dsym";
				ENABLE_NS_ASSERTIONS = NO;
				ENABLE_STRICT_OBJC_MSGSEND = YES;
				GCC_C_LANGUAGE_STANDARD = gnu11;
				GCC_NO_COMMON_BLOCKS = YES;
				GCC_WARN_64_TO_32_BIT_CONVERSION = YES;
				GCC_WARN_ABOUT_RETURN_TYPE = YES_ERROR;
				GCC_WARN_UNDECLARED_SELECTOR = YES;
				GCC_WARN_UNINITIALIZED_AUTOS = YES_AGGRESSIVE;
				GCC_WARN_UNUSED_FUNCTION = YES;
				GCC_WARN_UNUSED_VARIABLE = YES;
				IPHONEOS_DEPLOYMENT_TARGET = 16.1;
				MTL_ENABLE_DEBUG_INFO = NO;
				MTL_FAST_MATH = YES;
				SDKROOT = iphoneos;
				SWIFT_COMPILATION_MODE = wholemodule;
				SWIFT_OPTIMIZATION_LEVEL = "-O";
				VALIDATE_PRODUCT = YES;
			};
			name = Release;
		};
		92BD7F9929305447003BF696 /* Debug */ = {
			isa = XCBuildConfiguration;
			buildSettings = {
				ASSETCATALOG_COMPILER_APPICON_NAME = AppIcon;
				ASSETCATALOG_COMPILER_GLOBAL_ACCENT_COLOR_NAME = AccentColor;
				CODE_SIGN_STYLE = Automatic;
				CURRENT_PROJECT_VERSION = 1;
				GENERATE_INFOPLIST_FILE = YES;
				INFOPLIST_FILE = Vidio2/Info.plist;
				INFOPLIST_KEY_UIApplicationSupportsIndirectInputEvents = YES;
				INFOPLIST_KEY_UILaunchStoryboardName = LaunchScreen;
				INFOPLIST_KEY_UIMainStoryboardFile = Main;
				INFOPLIST_KEY_UISupportedInterfaceOrientations_iPad = "UIInterfaceOrientationPortrait UIInterfaceOrientationPortraitUpsideDown UIInterfaceOrientationLandscapeLeft UIInterfaceOrientationLandscapeRight";
				INFOPLIST_KEY_UISupportedInterfaceOrientations_iPhone = "UIInterfaceOrientationPortrait UIInterfaceOrientationLandscapeLeft UIInterfaceOrientationLandscapeRight";
				LD_RUNPATH_SEARCH_PATHS = (
					"$(inherited)",
					"@executable_path/Frameworks",
				);
				MARKETING_VERSION = 1.0;
				PRODUCT_BUNDLE_IDENTIFIER = com.arifinfrds.Vidio2;
				PRODUCT_NAME = "$(TARGET_NAME)";
				SWIFT_EMIT_LOC_STRINGS = YES;
				SWIFT_VERSION = 5.0;
				TARGETED_DEVICE_FAMILY = "1,2";
			};
			name = Debug;
		};
		92BD7F9A29305447003BF696 /* Release */ = {
			isa = XCBuildConfiguration;
			buildSettings = {
				ASSETCATALOG_COMPILER_APPICON_NAME = AppIcon;
				ASSETCATALOG_COMPILER_GLOBAL_ACCENT_COLOR_NAME = AccentColor;
				CODE_SIGN_STYLE = Automatic;
				CURRENT_PROJECT_VERSION = 1;
				GENERATE_INFOPLIST_FILE = YES;
				INFOPLIST_FILE = Vidio2/Info.plist;
				INFOPLIST_KEY_UIApplicationSupportsIndirectInputEvents = YES;
				INFOPLIST_KEY_UILaunchStoryboardName = LaunchScreen;
				INFOPLIST_KEY_UIMainStoryboardFile = Main;
				INFOPLIST_KEY_UISupportedInterfaceOrientations_iPad = "UIInterfaceOrientationPortrait UIInterfaceOrientationPortraitUpsideDown UIInterfaceOrientationLandscapeLeft UIInterfaceOrientationLandscapeRight";
				INFOPLIST_KEY_UISupportedInterfaceOrientations_iPhone = "UIInterfaceOrientationPortrait UIInterfaceOrientationLandscapeLeft UIInterfaceOrientationLandscapeRight";
				LD_RUNPATH_SEARCH_PATHS = (
					"$(inherited)",
					"@executable_path/Frameworks",
				);
				MARKETING_VERSION = 1.0;
				PRODUCT_BUNDLE_IDENTIFIER = com.arifinfrds.Vidio2;
				PRODUCT_NAME = "$(TARGET_NAME)";
				SWIFT_EMIT_LOC_STRINGS = YES;
				SWIFT_VERSION = 5.0;
				TARGETED_DEVICE_FAMILY = "1,2";
			};
			name = Release;
		};
		92BD7F9C29305447003BF696 /* Debug */ = {
			isa = XCBuildConfiguration;
			buildSettings = {
				ALWAYS_EMBED_SWIFT_STANDARD_LIBRARIES = YES;
				BUNDLE_LOADER = "$(TEST_HOST)";
				CLANG_ENABLE_MODULES = YES;
				CODE_SIGN_STYLE = Automatic;
				CURRENT_PROJECT_VERSION = 1;
				GENERATE_INFOPLIST_FILE = YES;
				IPHONEOS_DEPLOYMENT_TARGET = 16.1;
				LD_RUNPATH_SEARCH_PATHS = (
					"$(inherited)",
					"@executable_path/Frameworks",
					"@loader_path/Frameworks",
				);
				MARKETING_VERSION = 1.0;
				PRODUCT_BUNDLE_IDENTIFIER = com.arifinfrds.Vidio2Tests;
				PRODUCT_NAME = "$(TARGET_NAME)";
				SWIFT_EMIT_LOC_STRINGS = NO;
				SWIFT_OBJC_BRIDGING_HEADER = "Vidio2Tests/Vidio2Tests-Bridging-Header.h";
				SWIFT_OPTIMIZATION_LEVEL = "-Onone";
				SWIFT_VERSION = 5.0;
				TARGETED_DEVICE_FAMILY = "1,2";
				TEST_HOST = "$(BUILT_PRODUCTS_DIR)/Vidio2.app/$(BUNDLE_EXECUTABLE_FOLDER_PATH)/Vidio2";
			};
			name = Debug;
		};
		92BD7F9D29305447003BF696 /* Release */ = {
			isa = XCBuildConfiguration;
			buildSettings = {
				ALWAYS_EMBED_SWIFT_STANDARD_LIBRARIES = YES;
				BUNDLE_LOADER = "$(TEST_HOST)";
				CLANG_ENABLE_MODULES = YES;
				CODE_SIGN_STYLE = Automatic;
				CURRENT_PROJECT_VERSION = 1;
				GENERATE_INFOPLIST_FILE = YES;
				IPHONEOS_DEPLOYMENT_TARGET = 16.1;
				LD_RUNPATH_SEARCH_PATHS = (
					"$(inherited)",
					"@executable_path/Frameworks",
					"@loader_path/Frameworks",
				);
				MARKETING_VERSION = 1.0;
				PRODUCT_BUNDLE_IDENTIFIER = com.arifinfrds.Vidio2Tests;
				PRODUCT_NAME = "$(TARGET_NAME)";
				SWIFT_EMIT_LOC_STRINGS = NO;
				SWIFT_OBJC_BRIDGING_HEADER = "Vidio2Tests/Vidio2Tests-Bridging-Header.h";
				SWIFT_VERSION = 5.0;
				TARGETED_DEVICE_FAMILY = "1,2";
				TEST_HOST = "$(BUILT_PRODUCTS_DIR)/Vidio2.app/$(BUNDLE_EXECUTABLE_FOLDER_PATH)/Vidio2";
			};
			name = Release;
		};
		92BD7F9F29305447003BF696 /* Debug */ = {
			isa = XCBuildConfiguration;
			buildSettings = {
				ALWAYS_EMBED_SWIFT_STANDARD_LIBRARIES = YES;
				CODE_SIGN_STYLE = Automatic;
				CURRENT_PROJECT_VERSION = 1;
				GENERATE_INFOPLIST_FILE = YES;
				MARKETING_VERSION = 1.0;
				PRODUCT_BUNDLE_IDENTIFIER = com.arifinfrds.Vidio2UITests;
				PRODUCT_NAME = "$(TARGET_NAME)";
				SWIFT_EMIT_LOC_STRINGS = NO;
				SWIFT_VERSION = 5.0;
				TARGETED_DEVICE_FAMILY = "1,2";
				TEST_TARGET_NAME = Vidio2;
			};
			name = Debug;
		};
		92BD7FA029305447003BF696 /* Release */ = {
			isa = XCBuildConfiguration;
			buildSettings = {
				ALWAYS_EMBED_SWIFT_STANDARD_LIBRARIES = YES;
				CODE_SIGN_STYLE = Automatic;
				CURRENT_PROJECT_VERSION = 1;
				GENERATE_INFOPLIST_FILE = YES;
				MARKETING_VERSION = 1.0;
				PRODUCT_BUNDLE_IDENTIFIER = com.arifinfrds.Vidio2UITests;
				PRODUCT_NAME = "$(TARGET_NAME)";
				SWIFT_EMIT_LOC_STRINGS = NO;
				SWIFT_VERSION = 5.0;
				TARGETED_DEVICE_FAMILY = "1,2";
				TEST_TARGET_NAME = Vidio2;
			};
			name = Release;
		};
/* End XCBuildConfiguration section */

/* Begin XCConfigurationList section */
		92BD7F6929305445003BF696 /* Build configuration list for PBXProject "Vidio2" */ = {
			isa = XCConfigurationList;
			buildConfigurations = (
				92BD7F9629305447003BF696 /* Debug */,
				92BD7F9729305447003BF696 /* Release */,
			);
			defaultConfigurationIsVisible = 0;
			defaultConfigurationName = Release;
		};
		92BD7F9829305447003BF696 /* Build configuration list for PBXNativeTarget "Vidio2" */ = {
			isa = XCConfigurationList;
			buildConfigurations = (
				92BD7F9929305447003BF696 /* Debug */,
				92BD7F9A29305447003BF696 /* Release */,
			);
			defaultConfigurationIsVisible = 0;
			defaultConfigurationName = Release;
		};
		92BD7F9B29305447003BF696 /* Build configuration list for PBXNativeTarget "Vidio2Tests" */ = {
			isa = XCConfigurationList;
			buildConfigurations = (
				92BD7F9C29305447003BF696 /* Debug */,
				92BD7F9D29305447003BF696 /* Release */,
			);
			defaultConfigurationIsVisible = 0;
			defaultConfigurationName = Release;
		};
		92BD7F9E29305447003BF696 /* Build configuration list for PBXNativeTarget "Vidio2UITests" */ = {
			isa = XCConfigurationList;
			buildConfigurations = (
				92BD7F9F29305447003BF696 /* Debug */,
				92BD7FA029305447003BF696 /* Release */,
			);
			defaultConfigurationIsVisible = 0;
			defaultConfigurationName = Release;
		};
/* End XCConfigurationList section */
	};
	rootObject = 92BD7F6629305445003BF696 /* Project object */;
}
